
Microsoft Visual Studio Solution File, Format Version 12.00
# Visual Studio 15
VisualStudioVersion = 15.0.27703.2035
MinimumVisualStudioVersion = 10.0.40219.1
Project("{FAE04EC0-301F-11D3-BF4B-00C04F79EFBC}") = "CodeWarsTrains", "CodeWarsTrains\CodeWarsTrains.csproj", "{4D07F3A5-C318-4B78-92A0-5BEDC7BDB44A}"
EndProject
Project("{FAE04EC0-301F-11D3-BF4B-00C04F79EFBC}") = "kyu8", "kyu8\kyu8.csproj", "{9A26DFCC-942B-4FAE-9FAE-C1AC7922C3DB}"
EndProject
Project("{2150E333-8FDC-42A3-9474-1A3956D46DE8}") = "UnitTests", "UnitTests", "{94334308-8661-4742-A7FF-BAFC2895563C}"
EndProject
Project("{FAE04EC0-301F-11D3-BF4B-00C04F79EFBC}") = "Testkyu8", "Testkyu8\Testkyu8.csproj", "{42A73BFF-1FE7-41AA-939E-0BBCDA032FA6}"
EndProject
Project("{FAE04EC0-301F-11D3-BF4B-00C04F79EFBC}") = "kyu6", "kyu6\kyu6.csproj", "{4A43F43C-C66D-49C7-AC0D-90241409BE42}"
EndProject
Project("{FAE04EC0-301F-11D3-BF4B-00C04F79EFBC}") = "Testkyu6", "Testkyu6\Testkyu6.csproj", "{1FFD271E-0140-492A-BDAD-36B28854478D}"
EndProject
Project("{FAE04EC0-301F-11D3-BF4B-00C04F79EFBC}") = "kyu5", "kyu5\kyu5.csproj", "{4BACA323-BC53-426B-B4F9-7D3EFCEE81E0}"
EndProject
Project("{FAE04EC0-301F-11D3-BF4B-00C04F79EFBC}") = "Testkyu5", "Testkyu5\Testkyu5.csproj", "{96D2504F-3FFA-40D5-A580-482CED1200F4}"
EndProject
Project("{FAE04EC0-301F-11D3-BF4B-00C04F79EFBC}") = "Testkyu7", "Testkyu7\Testkyu7.csproj", "{6864835A-F9FB-4F82-B728-E247E72C4FF9}"
EndProject
Project("{FAE04EC0-301F-11D3-BF4B-00C04F79EFBC}") = "kyu7", "kyu7\kyu7.csproj", "{79021CE4-B614-41B4-8C91-F0A6FE18349B}"
EndProject
Project("{FAE04EC0-301F-11D3-BF4B-00C04F79EFBC}") = "kyu4", "kyu4\kyu4.csproj", "{C3F72A12-72D7-4791-BBDB-061F98AC9839}"
EndProject
Project("{FAE04EC0-301F-11D3-BF4B-00C04F79EFBC}") = "Testkyu4", "Testkyu4\Testkyu4.csproj", "{FBDC3BC4-AE0D-412B-A284-D7C289DEF5FB}"
EndProject
Global
	GlobalSection(SolutionConfigurationPlatforms) = preSolution
		Debug|Any CPU = Debug|Any CPU
		Release|Any CPU = Release|Any CPU
	EndGlobalSection
	GlobalSection(ProjectConfigurationPlatforms) = postSolution
		{4D07F3A5-C318-4B78-92A0-5BEDC7BDB44A}.Debug|Any CPU.ActiveCfg = Debug|Any CPU
		{4D07F3A5-C318-4B78-92A0-5BEDC7BDB44A}.Debug|Any CPU.Build.0 = Debug|Any CPU
		{4D07F3A5-C318-4B78-92A0-5BEDC7BDB44A}.Release|Any CPU.ActiveCfg = Release|Any CPU
		{4D07F3A5-C318-4B78-92A0-5BEDC7BDB44A}.Release|Any CPU.Build.0 = Release|Any CPU
		{9A26DFCC-942B-4FAE-9FAE-C1AC7922C3DB}.Debug|Any CPU.ActiveCfg = Debug|Any CPU
		{9A26DFCC-942B-4FAE-9FAE-C1AC7922C3DB}.Debug|Any CPU.Build.0 = Debug|Any CPU
		{9A26DFCC-942B-4FAE-9FAE-C1AC7922C3DB}.Release|Any CPU.ActiveCfg = Release|Any CPU
		{9A26DFCC-942B-4FAE-9FAE-C1AC7922C3DB}.Release|Any CPU.Build.0 = Release|Any CPU
		{42A73BFF-1FE7-41AA-939E-0BBCDA032FA6}.Debug|Any CPU.ActiveCfg = Debug|Any CPU
		{42A73BFF-1FE7-41AA-939E-0BBCDA032FA6}.Debug|Any CPU.Build.0 = Debug|Any CPU
		{42A73BFF-1FE7-41AA-939E-0BBCDA032FA6}.Release|Any CPU.ActiveCfg = Release|Any CPU
		{42A73BFF-1FE7-41AA-939E-0BBCDA032FA6}.Release|Any CPU.Build.0 = Release|Any CPU
		{4A43F43C-C66D-49C7-AC0D-90241409BE42}.Debug|Any CPU.ActiveCfg = Debug|Any CPU
		{4A43F43C-C66D-49C7-AC0D-90241409BE42}.Debug|Any CPU.Build.0 = Debug|Any CPU
		{4A43F43C-C66D-49C7-AC0D-90241409BE42}.Release|Any CPU.ActiveCfg = Release|Any CPU
		{4A43F43C-C66D-49C7-AC0D-90241409BE42}.Release|Any CPU.Build.0 = Release|Any CPU
		{1FFD271E-0140-492A-BDAD-36B28854478D}.Debug|Any CPU.ActiveCfg = Debug|Any CPU
		{1FFD271E-0140-492A-BDAD-36B28854478D}.Debug|Any CPU.Build.0 = Debug|Any CPU
		{1FFD271E-0140-492A-BDAD-36B28854478D}.Release|Any CPU.ActiveCfg = Release|Any CPU
		{1FFD271E-0140-492A-BDAD-36B28854478D}.Release|Any CPU.Build.0 = Release|Any CPU
		{4BACA323-BC53-426B-B4F9-7D3EFCEE81E0}.Debug|Any CPU.ActiveCfg = Debug|Any CPU
		{4BACA323-BC53-426B-B4F9-7D3EFCEE81E0}.Debug|Any CPU.Build.0 = Debug|Any CPU
		{4BACA323-BC53-426B-B4F9-7D3EFCEE81E0}.Release|Any CPU.ActiveCfg = Release|Any CPU
		{4BACA323-BC53-426B-B4F9-7D3EFCEE81E0}.Release|Any CPU.Build.0 = Release|Any CPU
		{96D2504F-3FFA-40D5-A580-482CED1200F4}.Debug|Any CPU.ActiveCfg = Debug|Any CPU
		{96D2504F-3FFA-40D5-A580-482CED1200F4}.Debug|Any CPU.Build.0 = Debug|Any CPU
		{96D2504F-3FFA-40D5-A580-482CED1200F4}.Release|Any CPU.ActiveCfg = Release|Any CPU
		{96D2504F-3FFA-40D5-A580-482CED1200F4}.Release|Any CPU.Build.0 = Release|Any CPU
		{6864835A-F9FB-4F82-B728-E247E72C4FF9}.Debug|Any CPU.ActiveCfg = Debug|Any CPU
		{6864835A-F9FB-4F82-B728-E247E72C4FF9}.Debug|Any CPU.Build.0 = Debug|Any CPU
		{6864835A-F9FB-4F82-B728-E247E72C4FF9}.Release|Any CPU.ActiveCfg = Release|Any CPU
		{6864835A-F9FB-4F82-B728-E247E72C4FF9}.Release|Any CPU.Build.0 = Release|Any CPU
		{79021CE4-B614-41B4-8C91-F0A6FE18349B}.Debug|Any CPU.ActiveCfg = Debug|Any CPU
		{79021CE4-B614-41B4-8C91-F0A6FE18349B}.Debug|Any CPU.Build.0 = Debug|Any CPU
		{79021CE4-B614-41B4-8C91-F0A6FE18349B}.Release|Any CPU.ActiveCfg = Release|Any CPU
		{79021CE4-B614-41B4-8C91-F0A6FE18349B}.Release|Any CPU.Build.0 = Release|Any CPU
		{C3F72A12-72D7-4791-BBDB-061F98AC9839}.Debug|Any CPU.ActiveCfg = Debug|Any CPU
		{C3F72A12-72D7-4791-BBDB-061F98AC9839}.Debug|Any CPU.Build.0 = Debug|Any CPU
		{C3F72A12-72D7-4791-BBDB-061F98AC9839}.Release|Any CPU.ActiveCfg = Release|Any CPU
		{C3F72A12-72D7-4791-BBDB-061F98AC9839}.Release|Any CPU.Build.0 = Release|Any CPU
		{FBDC3BC4-AE0D-412B-A284-D7C289DEF5FB}.Debug|Any CPU.ActiveCfg = Debug|Any CPU
		{FBDC3BC4-AE0D-412B-A284-D7C289DEF5FB}.Debug|Any CPU.Build.0 = Debug|Any CPU
		{FBDC3BC4-AE0D-412B-A284-D7C289DEF5FB}.Release|Any CPU.ActiveCfg = Release|Any CPU
		{FBDC3BC4-AE0D-412B-A284-D7C289DEF5FB}.Release|Any CPU.Build.0 = Release|Any CPU
	EndGlobalSection
	GlobalSection(SolutionProperties) = preSolution
		HideSolutionNode = FALSE
	EndGlobalSection
	GlobalSection(NestedProjects) = preSolution
		{42A73BFF-1FE7-41AA-939E-0BBCDA032FA6} = {94334308-8661-4742-A7FF-BAFC2895563C}
		{1FFD271E-0140-492A-BDAD-36B28854478D} = {94334308-8661-4742-A7FF-BAFC2895563C}
		{96D2504F-3FFA-40D5-A580-482CED1200F4} = {94334308-8661-4742-A7FF-BAFC2895563C}
		{6864835A-F9FB-4F82-B728-E247E72C4FF9} = {94334308-8661-4742-A7FF-BAFC2895563C}
		{FBDC3BC4-AE0D-412B-A284-D7C289DEF5FB} = {94334308-8661-4742-A7FF-BAFC2895563C}
	EndGlobalSection
	GlobalSection(ExtensibilityGlobals) = postSolution
		SolutionGuid = {4581FF2A-68C5-43CE-94C6-46A8F79512CF}
	EndGlobalSection
EndGlobal
